
Microsoft Visual Studio Solution File, Format Version 12.00
# Visual Studio Version 17
VisualStudioVersion = 17.11.35312.102
MinimumVisualStudioVersion = 10.0.40219.1
Project("{FAE04EC0-301F-11D3-BF4B-00C04F79EFBC}") = "SistemaCounterTex", "SistemaCounterTex\SistemaCounterTex.csproj", "{22C79302-0A37-428B-9180-FB7AE3BA56A7}"
EndProject
Global
	GlobalSection(SolutionConfigurationPlatforms) = preSolution
		Debug|Any CPU = Debug|Any CPU
		Release|Any CPU = Release|Any CPU
	EndGlobalSection
	GlobalSection(ProjectConfigurationPlatforms) = postSolution
		{22C79302-0A37-428B-9180-FB7AE3BA56A7}.Debug|Any CPU.ActiveCfg = Debug|Any CPU
		{22C79302-0A37-428B-9180-FB7AE3BA56A7}.Debug|Any CPU.Build.0 = Debug|Any CPU
		{22C79302-0A37-428B-9180-FB7AE3BA56A7}.Release|Any CPU.ActiveCfg = Release|Any CPU
		{22C79302-0A37-428B-9180-FB7AE3BA56A7}.Release|Any CPU.Build.0 = Release|Any CPU
	EndGlobalSection
	GlobalSection(SolutionProperties) = preSolution
		HideSolutionNode = FALSE
	EndGlobalSection
	GlobalSection(ExtensibilityGlobals) = postSolution
		SolutionGuid = {98AF5004-4744-4B91-BF15-0C68B6DACF03}
	EndGlobalSection
EndGlobal
